
Microsoft Visual Studio Solution File, Format Version 12.00
# Visual Studio Version 16
VisualStudioVersion = 16.0.31019.35
MinimumVisualStudioVersion = 10.0.40219.1
Project("{FAE04EC0-301F-11D3-BF4B-00C04F79EFBC}") = "CadastroPet", "CadastroPet.csproj", "{21E8BFC1-64E5-45C9-9BF3-1E19B3AC2B01}"
EndProject
Global
	GlobalSection(SolutionConfigurationPlatforms) = preSolution
		Debug|Any CPU = Debug|Any CPU
		Release|Any CPU = Release|Any CPU
	EndGlobalSection
	GlobalSection(ProjectConfigurationPlatforms) = postSolution
		{21E8BFC1-64E5-45C9-9BF3-1E19B3AC2B01}.Debug|Any CPU.ActiveCfg = Debug|Any CPU
		{21E8BFC1-64E5-45C9-9BF3-1E19B3AC2B01}.Debug|Any CPU.Build.0 = Debug|Any CPU
		{21E8BFC1-64E5-45C9-9BF3-1E19B3AC2B01}.Release|Any CPU.ActiveCfg = Release|Any CPU
		{21E8BFC1-64E5-45C9-9BF3-1E19B3AC2B01}.Release|Any CPU.Build.0 = Release|Any CPU
	EndGlobalSection
	GlobalSection(SolutionProperties) = preSolution
		HideSolutionNode = FALSE
	EndGlobalSection
	GlobalSection(ExtensibilityGlobals) = postSolution
		SolutionGuid = {F81F66C4-AD4C-42EC-A675-9F2AFDF349C7}
	EndGlobalSection
EndGlobal
